
Microsoft Visual Studio Solution File, Format Version 12.00
# Visual Studio 2013
VisualStudioVersion = 12.0.21005.1
MinimumVisualStudioVersion = 10.0.40219.1
Project("{FAE04EC0-301F-11D3-BF4B-00C04F79EFBC}") = "OnlineExaminationSystem-MVCProject", "OnlineExaminationSystem-MVCProject\OnlineExaminationSystem-MVCProject.csproj", "{699CEA21-5CEB-4D9E-AF77-9C7132FECCE1}"
EndProject
Project("{FAE04EC0-301F-11D3-BF4B-00C04F79EFBC}") = "BLL", "BLL\BLL.csproj", "{F5F615D2-9F18-41B5-8F95-B1C9767D7747}"
EndProject
Project("{FAE04EC0-301F-11D3-BF4B-00C04F79EFBC}") = "Repository", "Repository\Repository.csproj", "{308A5255-D16E-4263-85E9-596192C6A497}"
EndProject
Project("{FAE04EC0-301F-11D3-BF4B-00C04F79EFBC}") = "Models", "Models\Models.csproj", "{E0F456B8-C871-40B9-BC58-10D9372F57BB}"
EndProject
Project("{FAE04EC0-301F-11D3-BF4B-00C04F79EFBC}") = "DatabaseContext", "DatabaseContext\DatabaseContext.csproj", "{BCA786B5-3F9A-46C1-B9C5-F7F01A4F7C83}"
EndProject
Global
	GlobalSection(SolutionConfigurationPlatforms) = preSolution
		Debug|Any CPU = Debug|Any CPU
		Release|Any CPU = Release|Any CPU
	EndGlobalSection
	GlobalSection(ProjectConfigurationPlatforms) = postSolution
		{699CEA21-5CEB-4D9E-AF77-9C7132FECCE1}.Debug|Any CPU.ActiveCfg = Debug|Any CPU
		{699CEA21-5CEB-4D9E-AF77-9C7132FECCE1}.Debug|Any CPU.Build.0 = Debug|Any CPU
		{699CEA21-5CEB-4D9E-AF77-9C7132FECCE1}.Release|Any CPU.ActiveCfg = Release|Any CPU
		{699CEA21-5CEB-4D9E-AF77-9C7132FECCE1}.Release|Any CPU.Build.0 = Release|Any CPU
		{F5F615D2-9F18-41B5-8F95-B1C9767D7747}.Debug|Any CPU.ActiveCfg = Debug|Any CPU
		{F5F615D2-9F18-41B5-8F95-B1C9767D7747}.Debug|Any CPU.Build.0 = Debug|Any CPU
		{F5F615D2-9F18-41B5-8F95-B1C9767D7747}.Release|Any CPU.ActiveCfg = Release|Any CPU
		{F5F615D2-9F18-41B5-8F95-B1C9767D7747}.Release|Any CPU.Build.0 = Release|Any CPU
		{308A5255-D16E-4263-85E9-596192C6A497}.Debug|Any CPU.ActiveCfg = Debug|Any CPU
		{308A5255-D16E-4263-85E9-596192C6A497}.Debug|Any CPU.Build.0 = Debug|Any CPU
		{308A5255-D16E-4263-85E9-596192C6A497}.Release|Any CPU.ActiveCfg = Release|Any CPU
		{308A5255-D16E-4263-85E9-596192C6A497}.Release|Any CPU.Build.0 = Release|Any CPU
		{E0F456B8-C871-40B9-BC58-10D9372F57BB}.Debug|Any CPU.ActiveCfg = Debug|Any CPU
		{E0F456B8-C871-40B9-BC58-10D9372F57BB}.Debug|Any CPU.Build.0 = Debug|Any CPU
		{E0F456B8-C871-40B9-BC58-10D9372F57BB}.Release|Any CPU.ActiveCfg = Release|Any CPU
		{E0F456B8-C871-40B9-BC58-10D9372F57BB}.Release|Any CPU.Build.0 = Release|Any CPU
		{BCA786B5-3F9A-46C1-B9C5-F7F01A4F7C83}.Debug|Any CPU.ActiveCfg = Debug|Any CPU
		{BCA786B5-3F9A-46C1-B9C5-F7F01A4F7C83}.Debug|Any CPU.Build.0 = Debug|Any CPU
		{BCA786B5-3F9A-46C1-B9C5-F7F01A4F7C83}.Release|Any CPU.ActiveCfg = Release|Any CPU
		{BCA786B5-3F9A-46C1-B9C5-F7F01A4F7C83}.Release|Any CPU.Build.0 = Release|Any CPU
	EndGlobalSection
	GlobalSection(SolutionProperties) = preSolution
		HideSolutionNode = FALSE
	EndGlobalSection
EndGlobal
